
Microsoft Visual Studio Solution File, Format Version 12.00
# Visual Studio Version 17
VisualStudioVersion = 17.3.32901.215
MinimumVisualStudioVersion = 10.0.40219.1
Project("{FAE04EC0-301F-11D3-BF4B-00C04F79EFBC}") = "Homework-4", "Homework-4\Homework-4.csproj", "{44A1A07D-93F1-4336-AE2F-3FA25C7F468D}"
EndProject
Global
	GlobalSection(SolutionConfigurationPlatforms) = preSolution
		Debug|Any CPU = Debug|Any CPU
		Release|Any CPU = Release|Any CPU
	EndGlobalSection
	GlobalSection(ProjectConfigurationPlatforms) = postSolution
		{44A1A07D-93F1-4336-AE2F-3FA25C7F468D}.Debug|Any CPU.ActiveCfg = Debug|Any CPU
		{44A1A07D-93F1-4336-AE2F-3FA25C7F468D}.Debug|Any CPU.Build.0 = Debug|Any CPU
		{44A1A07D-93F1-4336-AE2F-3FA25C7F468D}.Release|Any CPU.ActiveCfg = Release|Any CPU
		{44A1A07D-93F1-4336-AE2F-3FA25C7F468D}.Release|Any CPU.Build.0 = Release|Any CPU
	EndGlobalSection
	GlobalSection(SolutionProperties) = preSolution
		HideSolutionNode = FALSE
	EndGlobalSection
	GlobalSection(ExtensibilityGlobals) = postSolution
		SolutionGuid = {F6F20DF4-A417-4D21-B5E8-3779DD134FE1}
	EndGlobalSection
EndGlobal
